<Solution>
  <Configurations>
    <Platform Name="x64" />
    <Platform Name="x86" />
  </Configurations>
  <Project Path="Day 1/Day 1.vcxproj" Id="faf62294-1684-4788-a996-5252a0967a22" />
  <Project Path="Day 10/Day 10.vcxproj" Id="7b44cb83-e504-4e67-a0ea-83ff2b5c6d75" />
  <Project Path="Day 11/Day 11.vcxproj" Id="e2bb1304-c3de-4cd8-9470-c88ab8abbf0b" />
  <Project Path="Day 12/Day 12.vcxproj" Id="0c9bc8ef-97b7-413e-b361-d7c6408248a5" />
  <Project Path="Day 13/Day 13.vcxproj" Id="da86bac1-29b6-4e00-8cb0-698b360bdfc4" />
  <Project Path="Day 14/Day 14.vcxproj" Id="53fa806f-8c02-42f8-804b-d6d41f8a190a" />
  <Project Path="Day 15/Day 15.vcxproj" Id="3f4974a3-e15b-426f-a22f-0364661e626b" />
  <Project Path="Day 16/Day 16.vcxproj" Id="5a6af327-c60b-4cca-bcab-5aa91ba00f6b" />
  <Project Path="Day 17/Day 17.vcxproj" Id="7792eb59-f9aa-4e16-b8ca-a61acce5f61d" />
  <Project Path="Day 18/Day 18.vcxproj" Id="7c44a084-f064-47ce-937c-ada6e3b478e4" />
  <Project Path="Day 19/Day 19.vcxproj" Id="4006cb95-ccd0-440a-a626-f02091935253" />
  <Project Path="Day 2/Day 2.vcxproj" Id="a4f89044-3e89-4648-9662-35d26367ba1d" />
  <Project Path="Day 20/Day 20.vcxproj" Id="40737479-5737-47a3-bfb5-709cf5308a33" />
  <Project Path="Day 3/Day 3.vcxproj" />
  <Project Path="Day 4/Day 4.vcxproj" Id="ebd3b514-234e-4e55-a4e8-424082946085" />
  <Project Path="Day 5/Day 5.vcxproj" Id="115dc3a8-e5ce-4c0a-a7cf-0c8904072798" />
  <Project Path="Day 6/Day 6.vcxproj" Id="01b3569b-1098-4719-9c65-8415d1d4c846" />
  <Project Path="Day 7/Day 7.vcxproj" Id="fd3c8405-cb18-46ff-a38a-1f9efef2316f" />
  <Project Path="Day 8/Day 8.vcxproj" Id="8772a9c0-2096-47ed-9911-320544a2bce4" />
  <Project Path="Day 9/Day 9.vcxproj" Id="48f59db6-582e-467e-b468-ddb03bbe0fac" />
</Solution>
